
Microsoft Visual Studio Solution File, Format Version 12.00
# Visual Studio Version 16
VisualStudioVersion = 16.0.31205.134
MinimumVisualStudioVersion = 10.0.40219.1
Project("{2150E333-8FDC-42A3-9474-1A3956D46DE8}") = "src", "src", "{C1E8C202-7E4A-4ED0-8E2C-7BED8DB87FC4}"
EndProject
Project("{2150E333-8FDC-42A3-9474-1A3956D46DE8}") = "tests", "tests", "{83716B62-303D-47C3-AF8D-231310DD39E0}"
EndProject
Project("{2150E333-8FDC-42A3-9474-1A3956D46DE8}") = "docs", "docs", "{D1ACD052-8556-4B0A-A727-9476CDA605E1}"
EndProject
Project("{9A19103F-16F7-4668-BE54-9A1E7A4F7556}") = "Thesis.Domain", "src\Thesis.Domain\Thesis.Domain.csproj", "{CCA5D0A6-E490-4163-A6D6-5779BAC55895}"
EndProject
Project("{9A19103F-16F7-4668-BE54-9A1E7A4F7556}") = "Thesis.Application", "src\Thesis.Application\Thesis.Application.csproj", "{470AD8ED-D5BC-4A27-B860-D762BA6BC6E9}"
EndProject
Project("{9A19103F-16F7-4668-BE54-9A1E7A4F7556}") = "Thesis.Infrastructure", "src\Thesis.Infrastructure\Thesis.Infrastructure.csproj", "{59B46EC3-0ABA-4046-939B-8BAF98DA4BC4}"
EndProject
Project("{FAE04EC0-301F-11D3-BF4B-00C04F79EFBC}") = "Thesis.WebUI.Server", "src\Thesis.WebUI\Server\Thesis.WebUI.Server.csproj", "{5FFE51C3-8DC4-4BE3-B459-B6F8296823D0}"
EndProject
Project("{FAE04EC0-301F-11D3-BF4B-00C04F79EFBC}") = "Thesis.WebUI.Client", "src\Thesis.WebUI\Client\Thesis.WebUI.Client.csproj", "{3EC138C6-5A44-4C21-B8FD-3AEDB56B84A9}"
EndProject
Project("{FAE04EC0-301F-11D3-BF4B-00C04F79EFBC}") = "Thesis.WebUI.Shared", "src\Thesis.WebUI\Shared\Thesis.WebUI.Shared.csproj", "{65C42A6F-FB2B-4572-B934-FD6E3CFFB847}"
EndProject
Global
	GlobalSection(SolutionConfigurationPlatforms) = preSolution
		Debug|Any CPU = Debug|Any CPU
		Release|Any CPU = Release|Any CPU
	EndGlobalSection
	GlobalSection(ProjectConfigurationPlatforms) = postSolution
		{CCA5D0A6-E490-4163-A6D6-5779BAC55895}.Debug|Any CPU.ActiveCfg = Debug|Any CPU
		{CCA5D0A6-E490-4163-A6D6-5779BAC55895}.Debug|Any CPU.Build.0 = Debug|Any CPU
		{CCA5D0A6-E490-4163-A6D6-5779BAC55895}.Release|Any CPU.ActiveCfg = Release|Any CPU
		{CCA5D0A6-E490-4163-A6D6-5779BAC55895}.Release|Any CPU.Build.0 = Release|Any CPU
		{470AD8ED-D5BC-4A27-B860-D762BA6BC6E9}.Debug|Any CPU.ActiveCfg = Debug|Any CPU
		{470AD8ED-D5BC-4A27-B860-D762BA6BC6E9}.Debug|Any CPU.Build.0 = Debug|Any CPU
		{470AD8ED-D5BC-4A27-B860-D762BA6BC6E9}.Release|Any CPU.ActiveCfg = Release|Any CPU
		{470AD8ED-D5BC-4A27-B860-D762BA6BC6E9}.Release|Any CPU.Build.0 = Release|Any CPU
		{59B46EC3-0ABA-4046-939B-8BAF98DA4BC4}.Debug|Any CPU.ActiveCfg = Debug|Any CPU
		{59B46EC3-0ABA-4046-939B-8BAF98DA4BC4}.Debug|Any CPU.Build.0 = Debug|Any CPU
		{59B46EC3-0ABA-4046-939B-8BAF98DA4BC4}.Release|Any CPU.ActiveCfg = Release|Any CPU
		{59B46EC3-0ABA-4046-939B-8BAF98DA4BC4}.Release|Any CPU.Build.0 = Release|Any CPU
		{5FFE51C3-8DC4-4BE3-B459-B6F8296823D0}.Debug|Any CPU.ActiveCfg = Debug|Any CPU
		{5FFE51C3-8DC4-4BE3-B459-B6F8296823D0}.Debug|Any CPU.Build.0 = Debug|Any CPU
		{5FFE51C3-8DC4-4BE3-B459-B6F8296823D0}.Release|Any CPU.ActiveCfg = Release|Any CPU
		{5FFE51C3-8DC4-4BE3-B459-B6F8296823D0}.Release|Any CPU.Build.0 = Release|Any CPU
		{3EC138C6-5A44-4C21-B8FD-3AEDB56B84A9}.Debug|Any CPU.ActiveCfg = Debug|Any CPU
		{3EC138C6-5A44-4C21-B8FD-3AEDB56B84A9}.Debug|Any CPU.Build.0 = Debug|Any CPU
		{3EC138C6-5A44-4C21-B8FD-3AEDB56B84A9}.Release|Any CPU.ActiveCfg = Release|Any CPU
		{3EC138C6-5A44-4C21-B8FD-3AEDB56B84A9}.Release|Any CPU.Build.0 = Release|Any CPU
		{65C42A6F-FB2B-4572-B934-FD6E3CFFB847}.Debug|Any CPU.ActiveCfg = Debug|Any CPU
		{65C42A6F-FB2B-4572-B934-FD6E3CFFB847}.Debug|Any CPU.Build.0 = Debug|Any CPU
		{65C42A6F-FB2B-4572-B934-FD6E3CFFB847}.Release|Any CPU.ActiveCfg = Release|Any CPU
		{65C42A6F-FB2B-4572-B934-FD6E3CFFB847}.Release|Any CPU.Build.0 = Release|Any CPU
	EndGlobalSection
	GlobalSection(SolutionProperties) = preSolution
		HideSolutionNode = FALSE
	EndGlobalSection
	GlobalSection(NestedProjects) = preSolution
		{CCA5D0A6-E490-4163-A6D6-5779BAC55895} = {C1E8C202-7E4A-4ED0-8E2C-7BED8DB87FC4}
		{470AD8ED-D5BC-4A27-B860-D762BA6BC6E9} = {C1E8C202-7E4A-4ED0-8E2C-7BED8DB87FC4}
		{59B46EC3-0ABA-4046-939B-8BAF98DA4BC4} = {C1E8C202-7E4A-4ED0-8E2C-7BED8DB87FC4}
		{5FFE51C3-8DC4-4BE3-B459-B6F8296823D0} = {C1E8C202-7E4A-4ED0-8E2C-7BED8DB87FC4}
		{3EC138C6-5A44-4C21-B8FD-3AEDB56B84A9} = {C1E8C202-7E4A-4ED0-8E2C-7BED8DB87FC4}
		{65C42A6F-FB2B-4572-B934-FD6E3CFFB847} = {C1E8C202-7E4A-4ED0-8E2C-7BED8DB87FC4}
	EndGlobalSection
	GlobalSection(ExtensibilityGlobals) = postSolution
		SolutionGuid = {22282116-9D13-48DB-B6D5-726500D9B4DF}
	EndGlobalSection
EndGlobal
